
Microsoft Visual Studio Solution File, Format Version 12.00
# Visual Studio Version 16
VisualStudioVersion = 16.0.32126.315
MinimumVisualStudioVersion = 10.0.40219.1
Project("{FAE04EC0-301F-11D3-BF4B-00C04F79EFBC}") = "DemoLoginForm", "DemoLoginForm\DemoLoginForm.csproj", "{CA0CCF78-01E5-427B-B1D3-57A78E387EDA}"
EndProject
Global
	GlobalSection(SolutionConfigurationPlatforms) = preSolution
		Debug|Any CPU = Debug|Any CPU
		Release|Any CPU = Release|Any CPU
	EndGlobalSection
	GlobalSection(ProjectConfigurationPlatforms) = postSolution
		{CA0CCF78-01E5-427B-B1D3-57A78E387EDA}.Debug|Any CPU.ActiveCfg = Debug|Any CPU
		{CA0CCF78-01E5-427B-B1D3-57A78E387EDA}.Debug|Any CPU.Build.0 = Debug|Any CPU
		{CA0CCF78-01E5-427B-B1D3-57A78E387EDA}.Release|Any CPU.ActiveCfg = Release|Any CPU
		{CA0CCF78-01E5-427B-B1D3-57A78E387EDA}.Release|Any CPU.Build.0 = Release|Any CPU
	EndGlobalSection
	GlobalSection(SolutionProperties) = preSolution
		HideSolutionNode = FALSE
	EndGlobalSection
	GlobalSection(ExtensibilityGlobals) = postSolution
		SolutionGuid = {66A0A1A3-F50C-49BF-A904-1E1A96C3AC78}
	EndGlobalSection
EndGlobal
